
Microsoft Visual Studio Solution File, Format Version 12.00
# Visual Studio Version 16
VisualStudioVersion = 16.0.30717.126
MinimumVisualStudioVersion = 15.0.26124.0
Project("{2150E333-8FDC-42A3-9474-1A3956D46DE8}") = "Solution Items", "Solution Items", "{271A126B-A0F7-4D7B-BB90-A673D77E4EC7}"
	ProjectSection(SolutionItems) = preProject
		Dockerfile = Dockerfile
	EndProjectSection
EndProject
Project("{FAE04EC0-301F-11D3-BF4B-00C04F79EFBC}") = "Segfy.Schedule", "Segfy.Schedule\Segfy.Schedule.csproj", "{B9F683C4-80A8-4542-BCBC-D18F1E7F694A}"
EndProject
Project("{FAE04EC0-301F-11D3-BF4B-00C04F79EFBC}") = "Segfy.Schedule.Model", "Segfy.Schedule.Model\Segfy.Schedule.Model.csproj", "{95071DF4-B015-4650-81FC-370750644EC9}"
EndProject
Project("{FAE04EC0-301F-11D3-BF4B-00C04F79EFBC}") = "Segfy.Schedule.Infra", "Segfy.Schedule.Infra\Segfy.Schedule.Infra.csproj", "{20C337EB-B6D8-48E3-BB4B-7F74AF3A9090}"
EndProject
Project("{FAE04EC0-301F-11D3-BF4B-00C04F79EFBC}") = "Segfy.Schedule.Tests", "Segfy.Schedule.Tests\Segfy.Schedule.Tests.csproj", "{21FEE04D-3BDE-4B0F-B375-4947A3E9F45B}"
EndProject
Project("{FAE04EC0-301F-11D3-BF4B-00C04F79EFBC}") = "Segfy.Schedule.Tests.Integration", "Segfy.Schedule.Tests.Integration\Segfy.Schedule.Tests.Integration.csproj", "{E8746AB5-DFF7-44E9-B6A1-581B8FF1F9A5}"
EndProject
Global
	GlobalSection(SolutionConfigurationPlatforms) = preSolution
		Debug|Any CPU = Debug|Any CPU
		Debug|x64 = Debug|x64
		Debug|x86 = Debug|x86
		Release|Any CPU = Release|Any CPU
		Release|x64 = Release|x64
		Release|x86 = Release|x86
	EndGlobalSection
	GlobalSection(ProjectConfigurationPlatforms) = postSolution
		{B9F683C4-80A8-4542-BCBC-D18F1E7F694A}.Debug|Any CPU.ActiveCfg = Debug|Any CPU
		{B9F683C4-80A8-4542-BCBC-D18F1E7F694A}.Debug|Any CPU.Build.0 = Debug|Any CPU
		{B9F683C4-80A8-4542-BCBC-D18F1E7F694A}.Debug|x64.ActiveCfg = Debug|Any CPU
		{B9F683C4-80A8-4542-BCBC-D18F1E7F694A}.Debug|x64.Build.0 = Debug|Any CPU
		{B9F683C4-80A8-4542-BCBC-D18F1E7F694A}.Debug|x86.ActiveCfg = Debug|Any CPU
		{B9F683C4-80A8-4542-BCBC-D18F1E7F694A}.Debug|x86.Build.0 = Debug|Any CPU
		{B9F683C4-80A8-4542-BCBC-D18F1E7F694A}.Release|Any CPU.ActiveCfg = Release|Any CPU
		{B9F683C4-80A8-4542-BCBC-D18F1E7F694A}.Release|Any CPU.Build.0 = Release|Any CPU
		{B9F683C4-80A8-4542-BCBC-D18F1E7F694A}.Release|x64.ActiveCfg = Release|Any CPU
		{B9F683C4-80A8-4542-BCBC-D18F1E7F694A}.Release|x64.Build.0 = Release|Any CPU
		{B9F683C4-80A8-4542-BCBC-D18F1E7F694A}.Release|x86.ActiveCfg = Release|Any CPU
		{B9F683C4-80A8-4542-BCBC-D18F1E7F694A}.Release|x86.Build.0 = Release|Any CPU
		{95071DF4-B015-4650-81FC-370750644EC9}.Debug|Any CPU.ActiveCfg = Debug|Any CPU
		{95071DF4-B015-4650-81FC-370750644EC9}.Debug|Any CPU.Build.0 = Debug|Any CPU
		{95071DF4-B015-4650-81FC-370750644EC9}.Debug|x64.ActiveCfg = Debug|Any CPU
		{95071DF4-B015-4650-81FC-370750644EC9}.Debug|x64.Build.0 = Debug|Any CPU
		{95071DF4-B015-4650-81FC-370750644EC9}.Debug|x86.ActiveCfg = Debug|Any CPU
		{95071DF4-B015-4650-81FC-370750644EC9}.Debug|x86.Build.0 = Debug|Any CPU
		{95071DF4-B015-4650-81FC-370750644EC9}.Release|Any CPU.ActiveCfg = Release|Any CPU
		{95071DF4-B015-4650-81FC-370750644EC9}.Release|Any CPU.Build.0 = Release|Any CPU
		{95071DF4-B015-4650-81FC-370750644EC9}.Release|x64.ActiveCfg = Release|Any CPU
		{95071DF4-B015-4650-81FC-370750644EC9}.Release|x64.Build.0 = Release|Any CPU
		{95071DF4-B015-4650-81FC-370750644EC9}.Release|x86.ActiveCfg = Release|Any CPU
		{95071DF4-B015-4650-81FC-370750644EC9}.Release|x86.Build.0 = Release|Any CPU
		{20C337EB-B6D8-48E3-BB4B-7F74AF3A9090}.Debug|Any CPU.ActiveCfg = Debug|Any CPU
		{20C337EB-B6D8-48E3-BB4B-7F74AF3A9090}.Debug|Any CPU.Build.0 = Debug|Any CPU
		{20C337EB-B6D8-48E3-BB4B-7F74AF3A9090}.Debug|x64.ActiveCfg = Debug|Any CPU
		{20C337EB-B6D8-48E3-BB4B-7F74AF3A9090}.Debug|x64.Build.0 = Debug|Any CPU
		{20C337EB-B6D8-48E3-BB4B-7F74AF3A9090}.Debug|x86.ActiveCfg = Debug|Any CPU
		{20C337EB-B6D8-48E3-BB4B-7F74AF3A9090}.Debug|x86.Build.0 = Debug|Any CPU
		{20C337EB-B6D8-48E3-BB4B-7F74AF3A9090}.Release|Any CPU.ActiveCfg = Release|Any CPU
		{20C337EB-B6D8-48E3-BB4B-7F74AF3A9090}.Release|Any CPU.Build.0 = Release|Any CPU
		{20C337EB-B6D8-48E3-BB4B-7F74AF3A9090}.Release|x64.ActiveCfg = Release|Any CPU
		{20C337EB-B6D8-48E3-BB4B-7F74AF3A9090}.Release|x64.Build.0 = Release|Any CPU
		{20C337EB-B6D8-48E3-BB4B-7F74AF3A9090}.Release|x86.ActiveCfg = Release|Any CPU
		{20C337EB-B6D8-48E3-BB4B-7F74AF3A9090}.Release|x86.Build.0 = Release|Any CPU
		{21FEE04D-3BDE-4B0F-B375-4947A3E9F45B}.Debug|Any CPU.ActiveCfg = Debug|Any CPU
		{21FEE04D-3BDE-4B0F-B375-4947A3E9F45B}.Debug|Any CPU.Build.0 = Debug|Any CPU
		{21FEE04D-3BDE-4B0F-B375-4947A3E9F45B}.Debug|x64.ActiveCfg = Debug|Any CPU
		{21FEE04D-3BDE-4B0F-B375-4947A3E9F45B}.Debug|x64.Build.0 = Debug|Any CPU
		{21FEE04D-3BDE-4B0F-B375-4947A3E9F45B}.Debug|x86.ActiveCfg = Debug|Any CPU
		{21FEE04D-3BDE-4B0F-B375-4947A3E9F45B}.Debug|x86.Build.0 = Debug|Any CPU
		{21FEE04D-3BDE-4B0F-B375-4947A3E9F45B}.Release|Any CPU.ActiveCfg = Release|Any CPU
		{21FEE04D-3BDE-4B0F-B375-4947A3E9F45B}.Release|Any CPU.Build.0 = Release|Any CPU
		{21FEE04D-3BDE-4B0F-B375-4947A3E9F45B}.Release|x64.ActiveCfg = Release|Any CPU
		{21FEE04D-3BDE-4B0F-B375-4947A3E9F45B}.Release|x64.Build.0 = Release|Any CPU
		{21FEE04D-3BDE-4B0F-B375-4947A3E9F45B}.Release|x86.ActiveCfg = Release|Any CPU
		{21FEE04D-3BDE-4B0F-B375-4947A3E9F45B}.Release|x86.Build.0 = Release|Any CPU
		{E8746AB5-DFF7-44E9-B6A1-581B8FF1F9A5}.Debug|Any CPU.ActiveCfg = Debug|Any CPU
		{E8746AB5-DFF7-44E9-B6A1-581B8FF1F9A5}.Debug|Any CPU.Build.0 = Debug|Any CPU
		{E8746AB5-DFF7-44E9-B6A1-581B8FF1F9A5}.Debug|x64.ActiveCfg = Debug|Any CPU
		{E8746AB5-DFF7-44E9-B6A1-581B8FF1F9A5}.Debug|x64.Build.0 = Debug|Any CPU
		{E8746AB5-DFF7-44E9-B6A1-581B8FF1F9A5}.Debug|x86.ActiveCfg = Debug|Any CPU
		{E8746AB5-DFF7-44E9-B6A1-581B8FF1F9A5}.Debug|x86.Build.0 = Debug|Any CPU
		{E8746AB5-DFF7-44E9-B6A1-581B8FF1F9A5}.Release|Any CPU.ActiveCfg = Release|Any CPU
		{E8746AB5-DFF7-44E9-B6A1-581B8FF1F9A5}.Release|Any CPU.Build.0 = Release|Any CPU
		{E8746AB5-DFF7-44E9-B6A1-581B8FF1F9A5}.Release|x64.ActiveCfg = Release|Any CPU
		{E8746AB5-DFF7-44E9-B6A1-581B8FF1F9A5}.Release|x64.Build.0 = Release|Any CPU
		{E8746AB5-DFF7-44E9-B6A1-581B8FF1F9A5}.Release|x86.ActiveCfg = Release|Any CPU
		{E8746AB5-DFF7-44E9-B6A1-581B8FF1F9A5}.Release|x86.Build.0 = Release|Any CPU
	EndGlobalSection
	GlobalSection(SolutionProperties) = preSolution
		HideSolutionNode = FALSE
	EndGlobalSection
	GlobalSection(NestedProjects) = preSolution
	EndGlobalSection
	GlobalSection(ExtensibilityGlobals) = postSolution
		SolutionGuid = {3A2503EC-91C6-4562-B8EE-C6A5EE083581}
	EndGlobalSection
EndGlobal
