
Microsoft Visual Studio Solution File, Format Version 12.00
# Visual Studio Version 16
VisualStudioVersion = 16.0.30717.126
MinimumVisualStudioVersion = 15.0.26124.0
Project("{2150E333-8FDC-42A3-9474-1A3956D46DE8}") = "Solution Items", "Solution Items", "{271A126B-A0F7-4D7B-BB90-A673D77E4EC7}"
	ProjectSection(SolutionItems) = preProject
		Dockerfile = Dockerfile
	EndProjectSection
EndProject
Project("{FAE04EC0-301F-11D3-BF4B-00C04F79EFBC}") = "Segfy.Schedule", "Segfy.Schedule\Segfy.Schedule.csproj", "{214787FD-F7F7-472C-8498-9AC6674CFA41}"
EndProject
Project("{FAE04EC0-301F-11D3-BF4B-00C04F79EFBC}") = "Segfy.Schedule.Model", "Segfy.Schedule.Model\Segfy.Schedule.Model.csproj", "{10A3AD4B-3578-421B-AA67-563919EB4F2E}"
EndProject
Project("{FAE04EC0-301F-11D3-BF4B-00C04F79EFBC}") = "Segfy.Schedule.Infra", "Segfy.Schedule.Infra\Segfy.Schedule.Infra.csproj", "{0F522A0F-4D2F-4297-BB33-2B6EB8E26E25}"
EndProject
Project("{FAE04EC0-301F-11D3-BF4B-00C04F79EFBC}") = "Segfy.Schedule.Tests", "Segfy.Schedule.Tests\Segfy.Schedule.Tests.csproj", "{67D2F05D-BDFB-475A-BDD9-F63826304BCB}"
EndProject
Project("{FAE04EC0-301F-11D3-BF4B-00C04F79EFBC}") = "Segfy.Schedule.Tests.Integration", "Segfy.Schedule.Tests.Integration\Segfy.Schedule.Tests.Integration.csproj", "{EFA2AEF2-46A7-4D53-AC0C-5FB5520051DF}"
EndProject
Global
	GlobalSection(SolutionConfigurationPlatforms) = preSolution
		Debug|Any CPU = Debug|Any CPU
		Debug|x64 = Debug|x64
		Debug|x86 = Debug|x86
		Release|Any CPU = Release|Any CPU
		Release|x64 = Release|x64
		Release|x86 = Release|x86
	EndGlobalSection
	GlobalSection(ProjectConfigurationPlatforms) = postSolution
		{214787FD-F7F7-472C-8498-9AC6674CFA41}.Debug|Any CPU.ActiveCfg = Debug|Any CPU
		{214787FD-F7F7-472C-8498-9AC6674CFA41}.Debug|Any CPU.Build.0 = Debug|Any CPU
		{214787FD-F7F7-472C-8498-9AC6674CFA41}.Debug|x64.ActiveCfg = Debug|Any CPU
		{214787FD-F7F7-472C-8498-9AC6674CFA41}.Debug|x64.Build.0 = Debug|Any CPU
		{214787FD-F7F7-472C-8498-9AC6674CFA41}.Debug|x86.ActiveCfg = Debug|Any CPU
		{214787FD-F7F7-472C-8498-9AC6674CFA41}.Debug|x86.Build.0 = Debug|Any CPU
		{214787FD-F7F7-472C-8498-9AC6674CFA41}.Release|Any CPU.ActiveCfg = Release|Any CPU
		{214787FD-F7F7-472C-8498-9AC6674CFA41}.Release|Any CPU.Build.0 = Release|Any CPU
		{214787FD-F7F7-472C-8498-9AC6674CFA41}.Release|x64.ActiveCfg = Release|Any CPU
		{214787FD-F7F7-472C-8498-9AC6674CFA41}.Release|x64.Build.0 = Release|Any CPU
		{214787FD-F7F7-472C-8498-9AC6674CFA41}.Release|x86.ActiveCfg = Release|Any CPU
		{214787FD-F7F7-472C-8498-9AC6674CFA41}.Release|x86.Build.0 = Release|Any CPU
		{10A3AD4B-3578-421B-AA67-563919EB4F2E}.Debug|Any CPU.ActiveCfg = Debug|Any CPU
		{10A3AD4B-3578-421B-AA67-563919EB4F2E}.Debug|Any CPU.Build.0 = Debug|Any CPU
		{10A3AD4B-3578-421B-AA67-563919EB4F2E}.Debug|x64.ActiveCfg = Debug|Any CPU
		{10A3AD4B-3578-421B-AA67-563919EB4F2E}.Debug|x64.Build.0 = Debug|Any CPU
		{10A3AD4B-3578-421B-AA67-563919EB4F2E}.Debug|x86.ActiveCfg = Debug|Any CPU
		{10A3AD4B-3578-421B-AA67-563919EB4F2E}.Debug|x86.Build.0 = Debug|Any CPU
		{10A3AD4B-3578-421B-AA67-563919EB4F2E}.Release|Any CPU.ActiveCfg = Release|Any CPU
		{10A3AD4B-3578-421B-AA67-563919EB4F2E}.Release|Any CPU.Build.0 = Release|Any CPU
		{10A3AD4B-3578-421B-AA67-563919EB4F2E}.Release|x64.ActiveCfg = Release|Any CPU
		{10A3AD4B-3578-421B-AA67-563919EB4F2E}.Release|x64.Build.0 = Release|Any CPU
		{10A3AD4B-3578-421B-AA67-563919EB4F2E}.Release|x86.ActiveCfg = Release|Any CPU
		{10A3AD4B-3578-421B-AA67-563919EB4F2E}.Release|x86.Build.0 = Release|Any CPU
		{0F522A0F-4D2F-4297-BB33-2B6EB8E26E25}.Debug|Any CPU.ActiveCfg = Debug|Any CPU
		{0F522A0F-4D2F-4297-BB33-2B6EB8E26E25}.Debug|Any CPU.Build.0 = Debug|Any CPU
		{0F522A0F-4D2F-4297-BB33-2B6EB8E26E25}.Debug|x64.ActiveCfg = Debug|Any CPU
		{0F522A0F-4D2F-4297-BB33-2B6EB8E26E25}.Debug|x64.Build.0 = Debug|Any CPU
		{0F522A0F-4D2F-4297-BB33-2B6EB8E26E25}.Debug|x86.ActiveCfg = Debug|Any CPU
		{0F522A0F-4D2F-4297-BB33-2B6EB8E26E25}.Debug|x86.Build.0 = Debug|Any CPU
		{0F522A0F-4D2F-4297-BB33-2B6EB8E26E25}.Release|Any CPU.ActiveCfg = Release|Any CPU
		{0F522A0F-4D2F-4297-BB33-2B6EB8E26E25}.Release|Any CPU.Build.0 = Release|Any CPU
		{0F522A0F-4D2F-4297-BB33-2B6EB8E26E25}.Release|x64.ActiveCfg = Release|Any CPU
		{0F522A0F-4D2F-4297-BB33-2B6EB8E26E25}.Release|x64.Build.0 = Release|Any CPU
		{0F522A0F-4D2F-4297-BB33-2B6EB8E26E25}.Release|x86.ActiveCfg = Release|Any CPU
		{0F522A0F-4D2F-4297-BB33-2B6EB8E26E25}.Release|x86.Build.0 = Release|Any CPU
		{67D2F05D-BDFB-475A-BDD9-F63826304BCB}.Debug|Any CPU.ActiveCfg = Debug|Any CPU
		{67D2F05D-BDFB-475A-BDD9-F63826304BCB}.Debug|Any CPU.Build.0 = Debug|Any CPU
		{67D2F05D-BDFB-475A-BDD9-F63826304BCB}.Debug|x64.ActiveCfg = Debug|Any CPU
		{67D2F05D-BDFB-475A-BDD9-F63826304BCB}.Debug|x64.Build.0 = Debug|Any CPU
		{67D2F05D-BDFB-475A-BDD9-F63826304BCB}.Debug|x86.ActiveCfg = Debug|Any CPU
		{67D2F05D-BDFB-475A-BDD9-F63826304BCB}.Debug|x86.Build.0 = Debug|Any CPU
		{67D2F05D-BDFB-475A-BDD9-F63826304BCB}.Release|Any CPU.ActiveCfg = Release|Any CPU
		{67D2F05D-BDFB-475A-BDD9-F63826304BCB}.Release|Any CPU.Build.0 = Release|Any CPU
		{67D2F05D-BDFB-475A-BDD9-F63826304BCB}.Release|x64.ActiveCfg = Release|Any CPU
		{67D2F05D-BDFB-475A-BDD9-F63826304BCB}.Release|x64.Build.0 = Release|Any CPU
		{67D2F05D-BDFB-475A-BDD9-F63826304BCB}.Release|x86.ActiveCfg = Release|Any CPU
		{67D2F05D-BDFB-475A-BDD9-F63826304BCB}.Release|x86.Build.0 = Release|Any CPU
		{EFA2AEF2-46A7-4D53-AC0C-5FB5520051DF}.Debug|Any CPU.ActiveCfg = Debug|Any CPU
		{EFA2AEF2-46A7-4D53-AC0C-5FB5520051DF}.Debug|Any CPU.Build.0 = Debug|Any CPU
		{EFA2AEF2-46A7-4D53-AC0C-5FB5520051DF}.Debug|x64.ActiveCfg = Debug|Any CPU
		{EFA2AEF2-46A7-4D53-AC0C-5FB5520051DF}.Debug|x64.Build.0 = Debug|Any CPU
		{EFA2AEF2-46A7-4D53-AC0C-5FB5520051DF}.Debug|x86.ActiveCfg = Debug|Any CPU
		{EFA2AEF2-46A7-4D53-AC0C-5FB5520051DF}.Debug|x86.Build.0 = Debug|Any CPU
		{EFA2AEF2-46A7-4D53-AC0C-5FB5520051DF}.Release|Any CPU.ActiveCfg = Release|Any CPU
		{EFA2AEF2-46A7-4D53-AC0C-5FB5520051DF}.Release|Any CPU.Build.0 = Release|Any CPU
		{EFA2AEF2-46A7-4D53-AC0C-5FB5520051DF}.Release|x64.ActiveCfg = Release|Any CPU
		{EFA2AEF2-46A7-4D53-AC0C-5FB5520051DF}.Release|x64.Build.0 = Release|Any CPU
		{EFA2AEF2-46A7-4D53-AC0C-5FB5520051DF}.Release|x86.ActiveCfg = Release|Any CPU
		{EFA2AEF2-46A7-4D53-AC0C-5FB5520051DF}.Release|x86.Build.0 = Release|Any CPU
	EndGlobalSection
	GlobalSection(SolutionProperties) = preSolution
		HideSolutionNode = FALSE
	EndGlobalSection
	GlobalSection(NestedProjects) = preSolution
	EndGlobalSection
	GlobalSection(ExtensibilityGlobals) = postSolution
		SolutionGuid = {3A2503EC-91C6-4562-B8EE-C6A5EE083581}
	EndGlobalSection
EndGlobal
