
Microsoft Visual Studio Solution File, Format Version 12.00
# Visual Studio Version 16
VisualStudioVersion = 16.0.30717.126
MinimumVisualStudioVersion = 15.0.26124.0
Project("{2150E333-8FDC-42A3-9474-1A3956D46DE8}") = "src", "src", "{7F56F828-0E36-4D4A-B7AC-C110870B5EF1}"
EndProject
Project("{9A19103F-16F7-4668-BE54-9A1E7A4F7556}") = "Segfy.Schedule", "src\Segfy.Schedule\Segfy.Schedule.csproj", "{0ECC9B8F-C874-4F17-9998-509E7623EEBB}"
EndProject
Project("{9A19103F-16F7-4668-BE54-9A1E7A4F7556}") = "Segfy.Schedule.Infra", "src\Segfy.Schedule.Infra\Segfy.Schedule.Infra.csproj", "{C8408698-EA78-4402-BBFF-58DDE561D687}"
EndProject
Project("{2150E333-8FDC-42A3-9474-1A3956D46DE8}") = "tests", "tests", "{8453269B-8CFA-484E-ABDD-A65EF7D8CCFA}"
EndProject
Project("{9A19103F-16F7-4668-BE54-9A1E7A4F7556}") = "Segfy.Schedule.Tests", "tests\Segfy.Schedule.Tests\Segfy.Schedule.Tests.csproj", "{445B52C5-C3EB-446E-988E-89E9779D90A6}"
EndProject
Project("{9A19103F-16F7-4668-BE54-9A1E7A4F7556}") = "Segfy.Schedule.Tests.Integration", "tests\Segfy.Schedule.Tests.Integration\Segfy.Schedule.Tests.Integration.csproj", "{02A9FD18-DA70-4F9A-99CB-91F9B708E3E7}"
EndProject
Project("{9A19103F-16F7-4668-BE54-9A1E7A4F7556}") = "Segfy.Schedule.Model", "src\Segfy.Schedule.Model\Segfy.Schedule.Model.csproj", "{D134B1E7-F8F7-48FB-A6DB-DF5B32A422A3}"
EndProject
Global
	GlobalSection(SolutionConfigurationPlatforms) = preSolution
		Debug|Any CPU = Debug|Any CPU
		Debug|x64 = Debug|x64
		Debug|x86 = Debug|x86
		Release|Any CPU = Release|Any CPU
		Release|x64 = Release|x64
		Release|x86 = Release|x86
	EndGlobalSection
	GlobalSection(ProjectConfigurationPlatforms) = postSolution
		{0ECC9B8F-C874-4F17-9998-509E7623EEBB}.Debug|Any CPU.ActiveCfg = Debug|Any CPU
		{0ECC9B8F-C874-4F17-9998-509E7623EEBB}.Debug|Any CPU.Build.0 = Debug|Any CPU
		{0ECC9B8F-C874-4F17-9998-509E7623EEBB}.Debug|x64.ActiveCfg = Debug|Any CPU
		{0ECC9B8F-C874-4F17-9998-509E7623EEBB}.Debug|x64.Build.0 = Debug|Any CPU
		{0ECC9B8F-C874-4F17-9998-509E7623EEBB}.Debug|x86.ActiveCfg = Debug|Any CPU
		{0ECC9B8F-C874-4F17-9998-509E7623EEBB}.Debug|x86.Build.0 = Debug|Any CPU
		{0ECC9B8F-C874-4F17-9998-509E7623EEBB}.Release|Any CPU.ActiveCfg = Release|Any CPU
		{0ECC9B8F-C874-4F17-9998-509E7623EEBB}.Release|Any CPU.Build.0 = Release|Any CPU
		{0ECC9B8F-C874-4F17-9998-509E7623EEBB}.Release|x64.ActiveCfg = Release|Any CPU
		{0ECC9B8F-C874-4F17-9998-509E7623EEBB}.Release|x64.Build.0 = Release|Any CPU
		{0ECC9B8F-C874-4F17-9998-509E7623EEBB}.Release|x86.ActiveCfg = Release|Any CPU
		{0ECC9B8F-C874-4F17-9998-509E7623EEBB}.Release|x86.Build.0 = Release|Any CPU
		{C8408698-EA78-4402-BBFF-58DDE561D687}.Debug|Any CPU.ActiveCfg = Debug|Any CPU
		{C8408698-EA78-4402-BBFF-58DDE561D687}.Debug|Any CPU.Build.0 = Debug|Any CPU
		{C8408698-EA78-4402-BBFF-58DDE561D687}.Debug|x64.ActiveCfg = Debug|Any CPU
		{C8408698-EA78-4402-BBFF-58DDE561D687}.Debug|x64.Build.0 = Debug|Any CPU
		{C8408698-EA78-4402-BBFF-58DDE561D687}.Debug|x86.ActiveCfg = Debug|Any CPU
		{C8408698-EA78-4402-BBFF-58DDE561D687}.Debug|x86.Build.0 = Debug|Any CPU
		{C8408698-EA78-4402-BBFF-58DDE561D687}.Release|Any CPU.ActiveCfg = Release|Any CPU
		{C8408698-EA78-4402-BBFF-58DDE561D687}.Release|Any CPU.Build.0 = Release|Any CPU
		{C8408698-EA78-4402-BBFF-58DDE561D687}.Release|x64.ActiveCfg = Release|Any CPU
		{C8408698-EA78-4402-BBFF-58DDE561D687}.Release|x64.Build.0 = Release|Any CPU
		{C8408698-EA78-4402-BBFF-58DDE561D687}.Release|x86.ActiveCfg = Release|Any CPU
		{C8408698-EA78-4402-BBFF-58DDE561D687}.Release|x86.Build.0 = Release|Any CPU
		{445B52C5-C3EB-446E-988E-89E9779D90A6}.Debug|Any CPU.ActiveCfg = Debug|Any CPU
		{445B52C5-C3EB-446E-988E-89E9779D90A6}.Debug|Any CPU.Build.0 = Debug|Any CPU
		{445B52C5-C3EB-446E-988E-89E9779D90A6}.Debug|x64.ActiveCfg = Debug|Any CPU
		{445B52C5-C3EB-446E-988E-89E9779D90A6}.Debug|x64.Build.0 = Debug|Any CPU
		{445B52C5-C3EB-446E-988E-89E9779D90A6}.Debug|x86.ActiveCfg = Debug|Any CPU
		{445B52C5-C3EB-446E-988E-89E9779D90A6}.Debug|x86.Build.0 = Debug|Any CPU
		{445B52C5-C3EB-446E-988E-89E9779D90A6}.Release|Any CPU.ActiveCfg = Release|Any CPU
		{445B52C5-C3EB-446E-988E-89E9779D90A6}.Release|Any CPU.Build.0 = Release|Any CPU
		{445B52C5-C3EB-446E-988E-89E9779D90A6}.Release|x64.ActiveCfg = Release|Any CPU
		{445B52C5-C3EB-446E-988E-89E9779D90A6}.Release|x64.Build.0 = Release|Any CPU
		{445B52C5-C3EB-446E-988E-89E9779D90A6}.Release|x86.ActiveCfg = Release|Any CPU
		{445B52C5-C3EB-446E-988E-89E9779D90A6}.Release|x86.Build.0 = Release|Any CPU
		{02A9FD18-DA70-4F9A-99CB-91F9B708E3E7}.Debug|Any CPU.ActiveCfg = Debug|Any CPU
		{02A9FD18-DA70-4F9A-99CB-91F9B708E3E7}.Debug|Any CPU.Build.0 = Debug|Any CPU
		{02A9FD18-DA70-4F9A-99CB-91F9B708E3E7}.Debug|x64.ActiveCfg = Debug|Any CPU
		{02A9FD18-DA70-4F9A-99CB-91F9B708E3E7}.Debug|x64.Build.0 = Debug|Any CPU
		{02A9FD18-DA70-4F9A-99CB-91F9B708E3E7}.Debug|x86.ActiveCfg = Debug|Any CPU
		{02A9FD18-DA70-4F9A-99CB-91F9B708E3E7}.Debug|x86.Build.0 = Debug|Any CPU
		{02A9FD18-DA70-4F9A-99CB-91F9B708E3E7}.Release|Any CPU.ActiveCfg = Release|Any CPU
		{02A9FD18-DA70-4F9A-99CB-91F9B708E3E7}.Release|Any CPU.Build.0 = Release|Any CPU
		{02A9FD18-DA70-4F9A-99CB-91F9B708E3E7}.Release|x64.ActiveCfg = Release|Any CPU
		{02A9FD18-DA70-4F9A-99CB-91F9B708E3E7}.Release|x64.Build.0 = Release|Any CPU
		{02A9FD18-DA70-4F9A-99CB-91F9B708E3E7}.Release|x86.ActiveCfg = Release|Any CPU
		{02A9FD18-DA70-4F9A-99CB-91F9B708E3E7}.Release|x86.Build.0 = Release|Any CPU
		{D134B1E7-F8F7-48FB-A6DB-DF5B32A422A3}.Debug|Any CPU.ActiveCfg = Debug|Any CPU
		{D134B1E7-F8F7-48FB-A6DB-DF5B32A422A3}.Debug|Any CPU.Build.0 = Debug|Any CPU
		{D134B1E7-F8F7-48FB-A6DB-DF5B32A422A3}.Debug|x64.ActiveCfg = Debug|Any CPU
		{D134B1E7-F8F7-48FB-A6DB-DF5B32A422A3}.Debug|x64.Build.0 = Debug|Any CPU
		{D134B1E7-F8F7-48FB-A6DB-DF5B32A422A3}.Debug|x86.ActiveCfg = Debug|Any CPU
		{D134B1E7-F8F7-48FB-A6DB-DF5B32A422A3}.Debug|x86.Build.0 = Debug|Any CPU
		{D134B1E7-F8F7-48FB-A6DB-DF5B32A422A3}.Release|Any CPU.ActiveCfg = Release|Any CPU
		{D134B1E7-F8F7-48FB-A6DB-DF5B32A422A3}.Release|Any CPU.Build.0 = Release|Any CPU
		{D134B1E7-F8F7-48FB-A6DB-DF5B32A422A3}.Release|x64.ActiveCfg = Release|Any CPU
		{D134B1E7-F8F7-48FB-A6DB-DF5B32A422A3}.Release|x64.Build.0 = Release|Any CPU
		{D134B1E7-F8F7-48FB-A6DB-DF5B32A422A3}.Release|x86.ActiveCfg = Release|Any CPU
		{D134B1E7-F8F7-48FB-A6DB-DF5B32A422A3}.Release|x86.Build.0 = Release|Any CPU
	EndGlobalSection
	GlobalSection(SolutionProperties) = preSolution
		HideSolutionNode = FALSE
	EndGlobalSection
	GlobalSection(NestedProjects) = preSolution
		{0ECC9B8F-C874-4F17-9998-509E7623EEBB} = {7F56F828-0E36-4D4A-B7AC-C110870B5EF1}
		{C8408698-EA78-4402-BBFF-58DDE561D687} = {7F56F828-0E36-4D4A-B7AC-C110870B5EF1}
		{445B52C5-C3EB-446E-988E-89E9779D90A6} = {8453269B-8CFA-484E-ABDD-A65EF7D8CCFA}
		{02A9FD18-DA70-4F9A-99CB-91F9B708E3E7} = {8453269B-8CFA-484E-ABDD-A65EF7D8CCFA}
		{D134B1E7-F8F7-48FB-A6DB-DF5B32A422A3} = {7F56F828-0E36-4D4A-B7AC-C110870B5EF1}
	EndGlobalSection
	GlobalSection(ExtensibilityGlobals) = postSolution
		SolutionGuid = {3A2503EC-91C6-4562-B8EE-C6A5EE083581}
	EndGlobalSection
EndGlobal
